
Microsoft Visual Studio Solution File, Format Version 12.00
# Visual Studio 15
VisualStudioVersion = 15.0.28010.2016
MinimumVisualStudioVersion = 10.0.40219.1
Project("{FAE04EC0-301F-11D3-BF4B-00C04F79EFBC}") = "TweetFilter", "TweetFilter\TweetFilter.csproj", "{E997B3D1-BAB4-46DE-95D4-C0313F8A55F9}"
EndProject
Global
	GlobalSection(SolutionConfigurationPlatforms) = preSolution
		Debug|Any CPU = Debug|Any CPU
		Release|Any CPU = Release|Any CPU
	EndGlobalSection
	GlobalSection(ProjectConfigurationPlatforms) = postSolution
		{E997B3D1-BAB4-46DE-95D4-C0313F8A55F9}.Debug|Any CPU.ActiveCfg = Debug|Any CPU
		{E997B3D1-BAB4-46DE-95D4-C0313F8A55F9}.Debug|Any CPU.Build.0 = Debug|Any CPU
		{E997B3D1-BAB4-46DE-95D4-C0313F8A55F9}.Release|Any CPU.ActiveCfg = Release|Any CPU
		{E997B3D1-BAB4-46DE-95D4-C0313F8A55F9}.Release|Any CPU.Build.0 = Release|Any CPU
	EndGlobalSection
	GlobalSection(SolutionProperties) = preSolution
		HideSolutionNode = FALSE
	EndGlobalSection
	GlobalSection(ExtensibilityGlobals) = postSolution
		SolutionGuid = {EB252CC7-4882-4F78-8CDB-A74DC2A529C2}
	EndGlobalSection
EndGlobal
